PODS:
  - FBSnapshotTestCase (1.7)
  - HLOpenALPrompter (0.1.0)

DEPENDENCIES:
  - FBSnapshotTestCase
  - HLOpenALPrompter (from `../`)

EXTERNAL SOURCES:
  HLOpenALPrompter:
    :path: ../

SPEC CHECKSUMS:
  FBSnapshotTestCase: 1eea5145c1f2fa907812ab92e1d6063a8d809b4e
  HLOpenALPrompter: c7459d56228fd227ece7688be82ae59beac0b3e0

COCOAPODS: 0.36.0
